<Solution>
  <Folder Name="/Solution Items/">
    <File Path="llm-event-correlation-context.md" />
  </Folder>
  <Project Path="EventHubHost.ApiService/EventHubHost.ApiService.csproj" />
  <Project Path="EventHubHost.AppHost/EventHubHost.AppHost.csproj" />
  <Project Path="EventHubHost.ServiceDefaults/EventHubHost.ServiceDefaults.csproj" />
  <Project Path="EventHubHost.Tests/EventHubHost.Tests.csproj" />
  <Project Path="EventHubHost.Web/EventHubHost.Web.csproj" />
</Solution>
